// !$*UTF8*$!
{
	archiveVersion = 1;
	classes = {
	};
	objectVersion = 56;
	objects = {

/* Begin PBXBuildFile section */
		1349AE4E2B7BBC0A00777844 /* Todo_SwiftUI_iOSApp.swift in Sources */ = {isa = PBXBuildFile; fileRef = 1349AE4D2B7BBC0A00777844 /* Todo_SwiftUI_iOSApp.swift */; };
		1349AE502B7BBC0A00777844 /* ContentView.swift in Sources */ = {isa = PBXBuildFile; fileRef = 1349AE4F2B7BBC0A00777844 /* ContentView.swift */; };
		1349AE522B7BBC0C00777844 /* Assets.xcassets in Resources */ = {isa = PBXBuildFile; fileRef = 1349AE512B7BBC0C00777844 /* Assets.xcassets */; };
		1349AE552B7BBC0C00777844 /* Preview Assets.xcassets in Resources */ = {isa = PBXBuildFile; fileRef = 1349AE542B7BBC0C00777844 /* Preview Assets.xcassets */; };
		1349AE5F2B7BBC0D00777844 /* Todo_SwiftUI_iOSTests.swift in Sources */ = {isa = PBXBuildFile; fileRef = 1349AE5E2B7BBC0D00777844 /* Todo_SwiftUI_iOSTests.swift */; };
		1349AE692B7BBC0D00777844 /* Todo_SwiftUI_iOSUITests.swift in Sources */ = {isa = PBXBuildFile; fileRef = 1349AE682B7BBC0D00777844 /* Todo_SwiftUI_iOSUITests.swift */; };
		1349AE6B2B7BBC0D00777844 /* Todo_SwiftUI_iOSUITestsLaunchTests.swift in Sources */ = {isa = PBXBuildFile; fileRef = 1349AE6A2B7BBC0D00777844 /* Todo_SwiftUI_iOSUITestsLaunchTests.swift */; };
		1349AE7A2B7CC18B00777844 /* TodoDisplayView.swift in Sources */ = {isa = PBXBuildFile; fileRef = 1349AE792B7CC18B00777844 /* TodoDisplayView.swift */; };
		1349AE7C2B7CCF6C00777844 /* TodoViewModel.swift in Sources */ = {isa = PBXBuildFile; fileRef = 1349AE7B2B7CCF6C00777844 /* TodoViewModel.swift */; };
/* End PBXBuildFile section */

/* Begin PBXContainerItemProxy section */
		1349AE5B2B7BBC0D00777844 /* PBXContainerItemProxy */ = {
			isa = PBXContainerItemProxy;
			containerPortal = 1349AE422B7BBC0A00777844 /* Project object */;
			proxyType = 1;
			remoteGlobalIDString = 1349AE492B7BBC0A00777844;
			remoteInfo = Todo_SwiftUI_iOS;
		};
		1349AE652B7BBC0D00777844 /* PBXContainerItemProxy */ = {
			isa = PBXContainerItemProxy;
			containerPortal = 1349AE422B7BBC0A00777844 /* Project object */;
			proxyType = 1;
			remoteGlobalIDString = 1349AE492B7BBC0A00777844;
			remoteInfo = Todo_SwiftUI_iOS;
		};
/* End PBXContainerItemProxy section */

/* Begin PBXFileReference section */
		1349AE4A2B7BBC0A00777844 /* Todo_SwiftUI_iOS.app */ = {isa = PBXFileReference; explicitFileType = wrapper.application; includeInIndex = 0; path = Todo_SwiftUI_iOS.app; sourceTree = BUILT_PRODUCTS_DIR; };
		1349AE4D2B7BBC0A00777844 /* Todo_SwiftUI_iOSApp.swift */ = {isa = PBXFileReference; lastKnownFileType = sourcecode.swift; path = Todo_SwiftUI_iOSApp.swift; sourceTree = "<group>"; };
		1349AE4F2B7BBC0A00777844 /* ContentView.swift */ = {isa = PBXFileReference; lastKnownFileType = sourcecode.swift; path = ContentView.swift; sourceTree = "<group>"; };
		1349AE512B7BBC0C00777844 /* Assets.xcassets */ = {isa = PBXFileReference; lastKnownFileType = folder.assetcatalog; path = Assets.xcassets; sourceTree = "<group>"; };
		1349AE542B7BBC0C00777844 /* Preview Assets.xcassets */ = {isa = PBXFileReference; lastKnownFileType = folder.assetcatalog; path = "Preview Assets.xcassets"; sourceTree = "<group>"; };
		1349AE5A2B7BBC0D00777844 /* Todo_SwiftUI_iOSTests.xctest */ = {isa = PBXFileReference; explicitFileType = wrapper.cfbundle; includeInIndex = 0; path = Todo_SwiftUI_iOSTests.xctest; sourceTree = BUILT_PRODUCTS_DIR; };
		1349AE5E2B7BBC0D00777844 /* Todo_SwiftUI_iOSTests.swift */ = {isa = PBXFileReference; lastKnownFileType = sourcecode.swift; path = Todo_SwiftUI_iOSTests.swift; sourceTree = "<group>"; };
		1349AE642B7BBC0D00777844 /* Todo_SwiftUI_iOSUITests.xctest */ = {isa = PBXFileReference; explicitFileType = wrapper.cfbundle; includeInIndex = 0; path = Todo_SwiftUI_iOSUITests.xctest; sourceTree = BUILT_PRODUCTS_DIR; };
		1349AE682B7BBC0D00777844 /* Todo_SwiftUI_iOSUITests.swift */ = {isa = PBXFileReference; lastKnownFileType = sourcecode.swift; path = Todo_SwiftUI_iOSUITests.swift; sourceTree = "<group>"; };
		1349AE6A2B7BBC0D00777844 /* Todo_SwiftUI_iOSUITestsLaunchTests.swift */ = {isa = PBXFileReference; lastKnownFileType = sourcecode.swift; path = Todo_SwiftUI_iOSUITestsLaunchTests.swift; sourceTree = "<group>"; };
		1349AE792B7CC18B00777844 /* TodoDisplayView.swift */ = {isa = PBXFileReference; lastKnownFileType = sourcecode.swift; path = TodoDisplayView.swift; sourceTree = "<group>"; };
		1349AE7B2B7CCF6C00777844 /* TodoViewModel.swift */ = {isa = PBXFileReference; lastKnownFileType = sourcecode.swift; path = TodoViewModel.swift; sourceTree = "<group>"; };
/* End PBXFileReference section */

/* Begin PBXFrameworksBuildPhase section */
		1349AE472B7BBC0A00777844 /* Frameworks */ = {
			isa = PBXFrameworksBuildPhase;
			buildActionMask = 2147483647;
			files = (
			);
			runOnlyForDeploymentPostprocessing = 0;
		};
		1349AE572B7BBC0D00777844 /* Frameworks */ = {
			isa = PBXFrameworksBuildPhase;
			buildActionMask = 2147483647;
			files = (
			);
			runOnlyForDeploymentPostprocessing = 0;
		};
		1349AE612B7BBC0D00777844 /* Frameworks */ = {
			isa = PBXFrameworksBuildPhase;
			buildActionMask = 2147483647;
			files = (
			);
			runOnlyForDeploymentPostprocessing = 0;
		};
/* End PBXFrameworksBuildPhase section */

/* Begin PBXGroup section */
		1349AE412B7BBC0A00777844 = {
			isa = PBXGroup;
			children = (
				1349AE4C2B7BBC0A00777844 /* Todo_SwiftUI_iOS */,
				1349AE5D2B7BBC0D00777844 /* Todo_SwiftUI_iOSTests */,
				1349AE672B7BBC0D00777844 /* Todo_SwiftUI_iOSUITests */,
				1349AE4B2B7BBC0A00777844 /* Products */,
			);
			sourceTree = "<group>";
		};
		1349AE4B2B7BBC0A00777844 /* Products */ = {
			isa = PBXGroup;
			children = (
				1349AE4A2B7BBC0A00777844 /* Todo_SwiftUI_iOS.app */,
				1349AE5A2B7BBC0D00777844 /* Todo_SwiftUI_iOSTests.xctest */,
				1349AE642B7BBC0D00777844 /* Todo_SwiftUI_iOSUITests.xctest */,
			);
			name = Products;
			sourceTree = "<group>";
		};
		1349AE4C2B7BBC0A00777844 /* Todo_SwiftUI_iOS */ = {
			isa = PBXGroup;
			children = (
				1349AE4D2B7BBC0A00777844 /* Todo_SwiftUI_iOSApp.swift */,
				1349AE4F2B7BBC0A00777844 /* ContentView.swift */,
				1349AE512B7BBC0C00777844 /* Assets.xcassets */,
				1349AE532B7BBC0C00777844 /* Preview Content */,
				1349AE792B7CC18B00777844 /* TodoDisplayView.swift */,
				1349AE7B2B7CCF6C00777844 /* TodoViewModel.swift */,
			);
			path = Todo_SwiftUI_iOS;
			sourceTree = "<group>";
		};
		1349AE532B7BBC0C00777844 /* Preview Content */ = {
			isa = PBXGroup;
			children = (
				1349AE542B7BBC0C00777844 /* Preview Assets.xcassets */,
			);
			path = "Preview Content";
			sourceTree = "<group>";
		};
		1349AE5D2B7BBC0D00777844 /* Todo_SwiftUI_iOSTests */ = {
			isa = PBXGroup;
			children = (
				1349AE5E2B7BBC0D00777844 /* Todo_SwiftUI_iOSTests.swift */,
			);
			path = Todo_SwiftUI_iOSTests;
			sourceTree = "<group>";
		};
		1349AE672B7BBC0D00777844 /* Todo_SwiftUI_iOSUITests */ = {
			isa = PBXGroup;
			children = (
				1349AE682B7BBC0D00777844 /* Todo_SwiftUI_iOSUITests.swift */,
				1349AE6A2B7BBC0D00777844 /* Todo_SwiftUI_iOSUITestsLaunchTests.swift */,
			);
			path = Todo_SwiftUI_iOSUITests;
			sourceTree = "<group>";
		};
/* End PBXGroup section */

/* Begin PBXNativeTarget section */
		1349AE492B7BBC0A00777844 /* Todo_SwiftUI_iOS */ = {
			isa = PBXNativeTarget;
			buildConfigurationList = 1349AE6E2B7BBC0D00777844 /* Build configuration list for PBXNativeTarget "Todo_SwiftUI_iOS" */;
			buildPhases = (
				1349AE462B7BBC0A00777844 /* Sources */,
				1349AE472B7BBC0A00777844 /* Frameworks */,
				1349AE482B7BBC0A00777844 /* Resources */,
			);
			buildRules = (
			);
			dependencies = (
			);
			name = Todo_SwiftUI_iOS;
			productName = Todo_SwiftUI_iOS;
			productReference = 1349AE4A2B7BBC0A00777844 /* Todo_SwiftUI_iOS.app */;
			productType = "com.apple.product-type.application";
		};
		1349AE592B7BBC0D00777844 /* Todo_SwiftUI_iOSTests */ = {
			isa = PBXNativeTarget;
			buildConfigurationList = 1349AE712B7BBC0D00777844 /* Build configuration list for PBXNativeTarget "Todo_SwiftUI_iOSTests" */;
			buildPhases = (
				1349AE562B7BBC0D00777844 /* Sources */,
				1349AE572B7BBC0D00777844 /* Frameworks */,
				1349AE582B7BBC0D00777844 /* Resources */,
			);
			buildRules = (
			);
			dependencies = (
				1349AE5C2B7BBC0D00777844 /* PBXTargetDependency */,
			);
			name = Todo_SwiftUI_iOSTests;
			productName = Todo_SwiftUI_iOSTests;
			productReference = 1349AE5A2B7BBC0D00777844 /* Todo_SwiftUI_iOSTests.xctest */;
			productType = "com.apple.product-type.bundle.unit-test";
		};
		1349AE632B7BBC0D00777844 /* Todo_SwiftUI_iOSUITests */ = {
			isa = PBXNativeTarget;
			buildConfigurationList = 1349AE742B7BBC0D00777844 /* Build configuration list for PBXNativeTarget "Todo_SwiftUI_iOSUITests" */;
			buildPhases = (
				1349AE602B7BBC0D00777844 /* Sources */,
				1349AE612B7BBC0D00777844 /* Frameworks */,
				1349AE622B7BBC0D00777844 /* Resources */,
			);
			buildRules = (
			);
			dependencies = (
				1349AE662B7BBC0D00777844 /* PBXTargetDependency */,
			);
			name = Todo_SwiftUI_iOSUITests;
			productName = Todo_SwiftUI_iOSUITests;
			productReference = 1349AE642B7BBC0D00777844 /* Todo_SwiftUI_iOSUITests.xctest */;
			productType = "com.apple.product-type.bundle.ui-testing";
		};
/* End PBXNativeTarget section */

/* Begin PBXProject section */
		1349AE422B7BBC0A00777844 /* Project object */ = {
			isa = PBXProject;
			attributes = {
				BuildIndependentTargetsInParallel = 1;
				LastSwiftUpdateCheck = 1520;
				LastUpgradeCheck = 1520;
				TargetAttributes = {
					1349AE492B7BBC0A00777844 = {
						CreatedOnToolsVersion = 15.2;
					};
					1349AE592B7BBC0D00777844 = {
						CreatedOnToolsVersion = 15.2;
						TestTargetID = 1349AE492B7BBC0A00777844;
					};
					1349AE632B7BBC0D00777844 = {
						CreatedOnToolsVersion = 15.2;
						TestTargetID = 1349AE492B7BBC0A00777844;
					};
				};
			};
			buildConfigurationList = 1349AE452B7BBC0A00777844 /* Build configuration list for PBXProject "Todo_SwiftUI_iOS" */;
			compatibilityVersion = "Xcode 14.0";
			developmentRegion = en;
			hasScannedForEncodings = 0;
			knownRegions = (
				en,
				Base,
			);
			mainGroup = 1349AE412B7BBC0A00777844;
			productRefGroup = 1349AE4B2B7BBC0A00777844 /* Products */;
			projectDirPath = "";
			projectRoot = "";
			targets = (
				1349AE492B7BBC0A00777844 /* Todo_SwiftUI_iOS */,
				1349AE592B7BBC0D00777844 /* Todo_SwiftUI_iOSTests */,
				1349AE632B7BBC0D00777844 /* Todo_SwiftUI_iOSUITests */,
			);
		};
/* End PBXProject section */

/* Begin PBXResourcesBuildPhase section */
		1349AE482B7BBC0A00777844 /* Resources */ = {
			isa = PBXResourcesBuildPhase;
			buildActionMask = 2147483647;
			files = (
				1349AE552B7BBC0C00777844 /* Preview Assets.xcassets in Resources */,
				1349AE522B7BBC0C00777844 /* Assets.xcassets in Resources */,
			);
			runOnlyForDeploymentPostprocessing = 0;
		};
		1349AE582B7BBC0D00777844 /* Resources */ = {
			isa = PBXResourcesBuildPhase;
			buildActionMask = 2147483647;
			files = (
			);
			runOnlyForDeploymentPostprocessing = 0;
		};
		1349AE622B7BBC0D00777844 /* Resources */ = {
			isa = PBXResourcesBuildPhase;
			buildActionMask = 2147483647;
			files = (
			);
			runOnlyForDeploymentPostprocessing = 0;
		};
/* End PBXResourcesBuildPhase section */

/* Begin PBXSourcesBuildPhase section */
		1349AE462B7BBC0A00777844 /* Sources */ = {
			isa = PBXSourcesBuildPhase;
			buildActionMask = 2147483647;
			files = (
				1349AE7C2B7CCF6C00777844 /* TodoViewModel.swift in Sources */,
				1349AE502B7BBC0A00777844 /* ContentView.swift in Sources */,
				1349AE4E2B7BBC0A00777844 /* Todo_SwiftUI_iOSApp.swift in Sources */,
				1349AE7A2B7CC18B00777844 /* TodoDisplayView.swift in Sources */,
			);
			runOnlyForDeploymentPostprocessing = 0;
		};
		1349AE562B7BBC0D00777844 /* Sources */ = {
			isa = PBXSourcesBuildPhase;
			buildActionMask = 2147483647;
			files = (
				1349AE5F2B7BBC0D00777844 /* Todo_SwiftUI_iOSTests.swift in Sources */,
			);
			runOnlyForDeploymentPostprocessing = 0;
		};
		1349AE602B7BBC0D00777844 /* Sources */ = {
			isa = PBXSourcesBuildPhase;
			buildActionMask = 2147483647;
			files = (
				1349AE6B2B7BBC0D00777844 /* Todo_SwiftUI_iOSUITestsLaunchTests.swift in Sources */,
				1349AE692B7BBC0D00777844 /* Todo_SwiftUI_iOSUITests.swift in Sources */,
			);
			runOnlyForDeploymentPostprocessing = 0;
		};
/* End PBXSourcesBuildPhase section */

/* Begin PBXTargetDependency section */
		1349AE5C2B7BBC0D00777844 /* PBXTargetDependency */ = {
			isa = PBXTargetDependency;
			target = 1349AE492B7BBC0A00777844 /* Todo_SwiftUI_iOS */;
			targetProxy = 1349AE5B2B7BBC0D00777844 /* PBXContainerItemProxy */;
		};
		1349AE662B7BBC0D00777844 /* PBXTargetDependency */ = {
			isa = PBXTargetDependency;
			target = 1349AE492B7BBC0A00777844 /* Todo_SwiftUI_iOS */;
			targetProxy = 1349AE652B7BBC0D00777844 /* PBXContainerItemProxy */;
		};
/* End PBXTargetDependency section */

/* Begin XCBuildConfiguration section */
		1349AE6C2B7BBC0D00777844 /* Debug */ = {
			isa = XCBuildConfiguration;
			buildSettings = {
				ALWAYS_SEARCH_USER_PATHS = NO;
				ASSETCATALOG_COMPILER_GENERATE_SWIFT_ASSET_SYMBOL_EXTENSIONS = YES;
				CLANG_ANALYZER_NONNULL = YES;
				CLANG_ANALYZER_NUMBER_OBJECT_CONVERSION = YES_AGGRESSIVE;
				CLANG_CXX_LANGUAGE_STANDARD = "gnu++20";
				CLANG_ENABLE_MODULES = YES;
				CLANG_ENABLE_OBJC_ARC = YES;
				CLANG_ENABLE_OBJC_WEAK = YES;
				CLANG_WARN_BLOCK_CAPTURE_AUTORELEASING = YES;
				CLANG_WARN_BOOL_CONVERSION = YES;
				CLANG_WARN_COMMA = YES;
				CLANG_WARN_CONSTANT_CONVERSION = YES;
				CLANG_WARN_DEPRECATED_OBJC_IMPLEMENTATIONS = YES;
				CLANG_WARN_DIRECT_OBJC_ISA_USAGE = YES_ERROR;
				CLANG_WARN_DOCUMENTATION_COMMENTS = YES;
				CLANG_WARN_EMPTY_BODY = YES;
				CLANG_WARN_ENUM_CONVERSION = YES;
				CLANG_WARN_INFINITE_RECURSION = YES;
				CLANG_WARN_INT_CONVERSION = YES;
				CLANG_WARN_NON_LITERAL_NULL_CONVERSION = YES;
				CLANG_WARN_OBJC_IMPLICIT_RETAIN_SELF = YES;
				CLANG_WARN_OBJC_LITERAL_CONVERSION = YES;
				CLANG_WARN_OBJC_ROOT_CLASS = YES_ERROR;
				CLANG_WARN_QUOTED_INCLUDE_IN_FRAMEWORK_HEADER = YES;
				CLANG_WARN_RANGE_LOOP_ANALYSIS = YES;
				CLANG_WARN_STRICT_PROTOTYPES = YES;
				CLANG_WARN_SUSPICIOUS_MOVE = YES;
				CLANG_WARN_UNGUARDED_AVAILABILITY = YES_AGGRESSIVE;
				CLANG_WARN_UNREACHABLE_CODE = YES;
				CLANG_WARN__DUPLICATE_METHOD_MATCH = YES;
				COPY_PHASE_STRIP = NO;
				DEBUG_INFORMATION_FORMAT = dwarf;
				ENABLE_STRICT_OBJC_MSGSEND = YES;
				ENABLE_TESTABILITY = YES;
				ENABLE_USER_SCRIPT_SANDBOXING = YES;
				GCC_C_LANGUAGE_STANDARD = gnu17;
				GCC_DYNAMIC_NO_PIC = NO;
				GCC_NO_COMMON_BLOCKS = YES;
				GCC_OPTIMIZATION_LEVEL = 0;
				GCC_PREPROCESSOR_DEFINITIONS = (
					"DEBUG=1",
					"$(inherited)",
				);
				GCC_WARN_64_TO_32_BIT_CONVERSION = YES;
				GCC_WARN_ABOUT_RETURN_TYPE = YES_ERROR;
				GCC_WARN_UNDECLARED_SELECTOR = YES;
				GCC_WARN_UNINITIALIZED_AUTOS = YES_AGGRESSIVE;
				GCC_WARN_UNUSED_FUNCTION = YES;
				GCC_WARN_UNUSED_VARIABLE = YES;
				IPHONEOS_DEPLOYMENT_TARGET = 17.2;
				LOCALIZATION_PREFERS_STRING_CATALOGS = YES;
				MTL_ENABLE_DEBUG_INFO = INCLUDE_SOURCE;
				MTL_FAST_MATH = YES;
				ONLY_ACTIVE_ARCH = YES;
				SDKROOT = iphoneos;
				SWIFT_ACTIVE_COMPILATION_CONDITIONS = "DEBUG $(inherited)";
				SWIFT_OPTIMIZATION_LEVEL = "-Onone";
			};
			name = Debug;
		};
		1349AE6D2B7BBC0D00777844 /* Release */ = {
			isa = XCBuildConfiguration;
			buildSettings = {
				ALWAYS_SEARCH_USER_PATHS = NO;
				ASSETCATALOG_COMPILER_GENERATE_SWIFT_ASSET_SYMBOL_EXTENSIONS = YES;
				CLANG_ANALYZER_NONNULL = YES;
				CLANG_ANALYZER_NUMBER_OBJECT_CONVERSION = YES_AGGRESSIVE;
				CLANG_CXX_LANGUAGE_STANDARD = "gnu++20";
				CLANG_ENABLE_MODULES = YES;
				CLANG_ENABLE_OBJC_ARC = YES;
				CLANG_ENABLE_OBJC_WEAK = YES;
				CLANG_WARN_BLOCK_CAPTURE_AUTORELEASING = YES;
				CLANG_WARN_BOOL_CONVERSION = YES;
				CLANG_WARN_COMMA = YES;
				CLANG_WARN_CONSTANT_CONVERSION = YES;
				CLANG_WARN_DEPRECATED_OBJC_IMPLEMENTATIONS = YES;
				CLANG_WARN_DIRECT_OBJC_ISA_USAGE = YES_ERROR;
				CLANG_WARN_DOCUMENTATION_COMMENTS = YES;
				CLANG_WARN_EMPTY_BODY = YES;
				CLANG_WARN_ENUM_CONVERSION = YES;
				CLANG_WARN_INFINITE_RECURSION = YES;
				CLANG_WARN_INT_CONVERSION = YES;
				CLANG_WARN_NON_LITERAL_NULL_CONVERSION = YES;
				CLANG_WARN_OBJC_IMPLICIT_RETAIN_SELF = YES;
				CLANG_WARN_OBJC_LITERAL_CONVERSION = YES;
				CLANG_WARN_OBJC_ROOT_CLASS = YES_ERROR;
				CLANG_WARN_QUOTED_INCLUDE_IN_FRAMEWORK_HEADER = YES;
				CLANG_WARN_RANGE_LOOP_ANALYSIS = YES;
				CLANG_WARN_STRICT_PROTOTYPES = YES;
				CLANG_WARN_SUSPICIOUS_MOVE = YES;
				CLANG_WARN_UNGUARDED_AVAILABILITY = YES_AGGRESSIVE;
				CLANG_WARN_UNREACHABLE_CODE = YES;
				CLANG_WARN__DUPLICATE_METHOD_MATCH = YES;
				COPY_PHASE_STRIP = NO;
				DEBUG_INFORMATION_FORMAT = "dwarf-with-dsym";
				ENABLE_NS_ASSERTIONS = NO;
				ENABLE_STRICT_OBJC_MSGSEND = YES;
				ENABLE_USER_SCRIPT_SANDBOXING = YES;
				GCC_C_LANGUAGE_STANDARD = gnu17;
				GCC_NO_COMMON_BLOCKS = YES;
				GCC_WARN_64_TO_32_BIT_CONVERSION = YES;
				GCC_WARN_ABOUT_RETURN_TYPE = YES_ERROR;
				GCC_WARN_UNDECLARED_SELECTOR = YES;
				GCC_WARN_UNINITIALIZED_AUTOS = YES_AGGRESSIVE;
				GCC_WARN_UNUSED_FUNCTION = YES;
				GCC_WARN_UNUSED_VARIABLE = YES;
				IPHONEOS_DEPLOYMENT_TARGET = 17.2;
				LOCALIZATION_PREFERS_STRING_CATALOGS = YES;
				MTL_ENABLE_DEBUG_INFO = NO;
				MTL_FAST_MATH = YES;
				SDKROOT = iphoneos;
				SWIFT_COMPILATION_MODE = wholemodule;
				VALIDATE_PRODUCT = YES;
			};
			name = Release;
		};
		1349AE6F2B7BBC0D00777844 /* Debug */ = {
			isa = XCBuildConfiguration;
			buildSettings = {
				ASSETCATALOG_COMPILER_APPICON_NAME = AppIcon;
				ASSETCATALOG_COMPILER_GLOBAL_ACCENT_COLOR_NAME = AccentColor;
				CODE_SIGN_STYLE = Automatic;
				CURRENT_PROJECT_VERSION = 1;
				DEVELOPMENT_ASSET_PATHS = "\"Todo_SwiftUI_iOS/Preview Content\"";
				ENABLE_PREVIEWS = YES;
				GENERATE_INFOPLIST_FILE = YES;
				INFOPLIST_KEY_UIApplicationSceneManifest_Generation = YES;
				INFOPLIST_KEY_UIApplicationSupportsIndirectInputEvents = YES;
				INFOPLIST_KEY_UILaunchScreen_Generation = YES;
				INFOPLIST_KEY_UISupportedInterfaceOrientations_iPad = "UIInterfaceOrientationPortrait UIInterfaceOrientationPortraitUpsideDown UIInterfaceOrientationLandscapeLeft UIInterfaceOrientationLandscapeRight";
				INFOPLIST_KEY_UISupportedInterfaceOrientations_iPhone = "UIInterfaceOrientationPortrait UIInterfaceOrientationLandscapeLeft UIInterfaceOrientationLandscapeRight";
				LD_RUNPATH_SEARCH_PATHS = (
					"$(inherited)",
					"@executable_path/Frameworks",
				);
				MARKETING_VERSION = 1.0;
				PRODUCT_BUNDLE_IDENTIFIER = "demetrius.Todo-SwiftUI-iOS";
				PRODUCT_NAME = "$(TARGET_NAME)";
				SWIFT_EMIT_LOC_STRINGS = YES;
				SWIFT_VERSION = 5.0;
				TARGETED_DEVICE_FAMILY = "1,2";
			};
			name = Debug;
		};
		1349AE702B7BBC0D00777844 /* Release */ = {
			isa = XCBuildConfiguration;
			buildSettings = {
				ASSETCATALOG_COMPILER_APPICON_NAME = AppIcon;
				ASSETCATALOG_COMPILER_GLOBAL_ACCENT_COLOR_NAME = AccentColor;
				CODE_SIGN_STYLE = Automatic;
				CURRENT_PROJECT_VERSION = 1;
				DEVELOPMENT_ASSET_PATHS = "\"Todo_SwiftUI_iOS/Preview Content\"";
				ENABLE_PREVIEWS = YES;
				GENERATE_INFOPLIST_FILE = YES;
				INFOPLIST_KEY_UIApplicationSceneManifest_Generation = YES;
				INFOPLIST_KEY_UIApplicationSupportsIndirectInputEvents = YES;
				INFOPLIST_KEY_UILaunchScreen_Generation = YES;
				INFOPLIST_KEY_UISupportedInterfaceOrientations_iPad = "UIInterfaceOrientationPortrait UIInterfaceOrientationPortraitUpsideDown UIInterfaceOrientationLandscapeLeft UIInterfaceOrientationLandscapeRight";
				INFOPLIST_KEY_UISupportedInterfaceOrientations_iPhone = "UIInterfaceOrientationPortrait UIInterfaceOrientationLandscapeLeft UIInterfaceOrientationLandscapeRight";
				LD_RUNPATH_SEARCH_PATHS = (
					"$(inherited)",
					"@executable_path/Frameworks",
				);
				MARKETING_VERSION = 1.0;
				PRODUCT_BUNDLE_IDENTIFIER = "demetrius.Todo-SwiftUI-iOS";
				PRODUCT_NAME = "$(TARGET_NAME)";
				SWIFT_EMIT_LOC_STRINGS = YES;
				SWIFT_VERSION = 5.0;
				TARGETED_DEVICE_FAMILY = "1,2";
			};
			name = Release;
		};
		1349AE722B7BBC0D00777844 /* Debug */ = {
			isa = XCBuildConfiguration;
			buildSettings = {
				ALWAYS_EMBED_SWIFT_STANDARD_LIBRARIES = YES;
				BUNDLE_LOADER = "$(TEST_HOST)";
				CODE_SIGN_STYLE = Automatic;
				CURRENT_PROJECT_VERSION = 1;
				GENERATE_INFOPLIST_FILE = YES;
				IPHONEOS_DEPLOYMENT_TARGET = 17.2;
				MARKETING_VERSION = 1.0;
				PRODUCT_BUNDLE_IDENTIFIER = "demetrius.Todo-SwiftUI-iOSTests";
				PRODUCT_NAME = "$(TARGET_NAME)";
				SWIFT_EMIT_LOC_STRINGS = NO;
				SWIFT_VERSION = 5.0;
				TARGETED_DEVICE_FAMILY = "1,2";
				TEST_HOST = "$(BUILT_PRODUCTS_DIR)/Todo_SwiftUI_iOS.app/$(BUNDLE_EXECUTABLE_FOLDER_PATH)/Todo_SwiftUI_iOS";
			};
			name = Debug;
		};
		1349AE732B7BBC0D00777844 /* Release */ = {
			isa = XCBuildConfiguration;
			buildSettings = {
				ALWAYS_EMBED_SWIFT_STANDARD_LIBRARIES = YES;
				BUNDLE_LOADER = "$(TEST_HOST)";
				CODE_SIGN_STYLE = Automatic;
				CURRENT_PROJECT_VERSION = 1;
				GENERATE_INFOPLIST_FILE = YES;
				IPHONEOS_DEPLOYMENT_TARGET = 17.2;
				MARKETING_VERSION = 1.0;
				PRODUCT_BUNDLE_IDENTIFIER = "demetrius.Todo-SwiftUI-iOSTests";
				PRODUCT_NAME = "$(TARGET_NAME)";
				SWIFT_EMIT_LOC_STRINGS = NO;
				SWIFT_VERSION = 5.0;
				TARGETED_DEVICE_FAMILY = "1,2";
				TEST_HOST = "$(BUILT_PRODUCTS_DIR)/Todo_SwiftUI_iOS.app/$(BUNDLE_EXECUTABLE_FOLDER_PATH)/Todo_SwiftUI_iOS";
			};
			name = Release;
		};
		1349AE752B7BBC0D00777844 /* Debug */ = {
			isa = XCBuildConfiguration;
			buildSettings = {
				ALWAYS_EMBED_SWIFT_STANDARD_LIBRARIES = YES;
				CODE_SIGN_STYLE = Automatic;
				CURRENT_PROJECT_VERSION = 1;
				GENERATE_INFOPLIST_FILE = YES;
				MARKETING_VERSION = 1.0;
				PRODUCT_BUNDLE_IDENTIFIER = "demetrius.Todo-SwiftUI-iOSUITests";
				PRODUCT_NAME = "$(TARGET_NAME)";
				SWIFT_EMIT_LOC_STRINGS = NO;
				SWIFT_VERSION = 5.0;
				TARGETED_DEVICE_FAMILY = "1,2";
				TEST_TARGET_NAME = Todo_SwiftUI_iOS;
			};
			name = Debug;
		};
		1349AE762B7BBC0D00777844 /* Release */ = {
			isa = XCBuildConfiguration;
			buildSettings = {
				ALWAYS_EMBED_SWIFT_STANDARD_LIBRARIES = YES;
				CODE_SIGN_STYLE = Automatic;
				CURRENT_PROJECT_VERSION = 1;
				GENERATE_INFOPLIST_FILE = YES;
				MARKETING_VERSION = 1.0;
				PRODUCT_BUNDLE_IDENTIFIER = "demetrius.Todo-SwiftUI-iOSUITests";
				PRODUCT_NAME = "$(TARGET_NAME)";
				SWIFT_EMIT_LOC_STRINGS = NO;
				SWIFT_VERSION = 5.0;
				TARGETED_DEVICE_FAMILY = "1,2";
				TEST_TARGET_NAME = Todo_SwiftUI_iOS;
			};
			name = Release;
		};
/* End XCBuildConfiguration section */

/* Begin XCConfigurationList section */
		1349AE452B7BBC0A00777844 /* Build configuration list for PBXProject "Todo_SwiftUI_iOS" */ = {
			isa = XCConfigurationList;
			buildConfigurations = (
				1349AE6C2B7BBC0D00777844 /* Debug */,
				1349AE6D2B7BBC0D00777844 /* Release */,
			);
			defaultConfigurationIsVisible = 0;
			defaultConfigurationName = Release;
		};
		1349AE6E2B7BBC0D00777844 /* Build configuration list for PBXNativeTarget "Todo_SwiftUI_iOS" */ = {
			isa = XCConfigurationList;
			buildConfigurations = (
				1349AE6F2B7BBC0D00777844 /* Debug */,
				1349AE702B7BBC0D00777844 /* Release */,
			);
			defaultConfigurationIsVisible = 0;
			defaultConfigurationName = Release;
		};
		1349AE712B7BBC0D00777844 /* Build configuration list for PBXNativeTarget "Todo_SwiftUI_iOSTests" */ = {
			isa = XCConfigurationList;
			buildConfigurations = (
				1349AE722B7BBC0D00777844 /* Debug */,
				1349AE732B7BBC0D00777844 /* Release */,
			);
			defaultConfigurationIsVisible = 0;
			defaultConfigurationName = Release;
		};
		1349AE742B7BBC0D00777844 /* Build configuration list for PBXNativeTarget "Todo_SwiftUI_iOSUITests" */ = {
			isa = XCConfigurationList;
			buildConfigurations = (
				1349AE752B7BBC0D00777844 /* Debug */,
				1349AE762B7BBC0D00777844 /* Release */,
			);
			defaultConfigurationIsVisible = 0;
			defaultConfigurationName = Release;
		};
/* End XCConfigurationList section */
	};
	rootObject = 1349AE422B7BBC0A00777844 /* Project object */;
}
